
Microsoft Visual Studio Solution File, Format Version 12.00
# Visual Studio 15
Project("{FAE04EC0-301F-11D3-BF4B-00C04F79EFBC}") = "Assembly-CSharp", "Assembly-CSharp.csproj", "{9185BC66-BF1C-5F27-3181-CE3E219E7FAF}"
EndProject
Project("{FAE04EC0-301F-11D3-BF4B-00C04F79EFBC}") = "Assembly-CSharp-Editor", "Assembly-CSharp-Editor.csproj", "{8E45D0BD-35AA-4139-E083-19F1DA40CB6A}"
EndProject
Global
	GlobalSection(SolutionConfigurationPlatforms) = preSolution
		Debug|Any CPU = Debug|Any CPU
		Release|Any CPU = Release|Any CPU
	EndGlobalSection
	GlobalSection(ProjectConfigurationPlatforms) = postSolution
		{9185BC66-BF1C-5F27-3181-CE3E219E7FAF}.Debug|Any CPU.ActiveCfg = Debug|Any CPU
		{9185BC66-BF1C-5F27-3181-CE3E219E7FAF}.Debug|Any CPU.Build.0 = Debug|Any CPU
		{9185BC66-BF1C-5F27-3181-CE3E219E7FAF}.Release|Any CPU.ActiveCfg = Release|Any CPU
		{9185BC66-BF1C-5F27-3181-CE3E219E7FAF}.Release|Any CPU.Build.0 = Release|Any CPU
		{8E45D0BD-35AA-4139-E083-19F1DA40CB6A}.Debug|Any CPU.ActiveCfg = Debug|Any CPU
		{8E45D0BD-35AA-4139-E083-19F1DA40CB6A}.Debug|Any CPU.Build.0 = Debug|Any CPU
		{8E45D0BD-35AA-4139-E083-19F1DA40CB6A}.Release|Any CPU.ActiveCfg = Release|Any CPU
		{8E45D0BD-35AA-4139-E083-19F1DA40CB6A}.Release|Any CPU.Build.0 = Release|Any CPU
	EndGlobalSection
	GlobalSection(SolutionProperties) = preSolution
		HideSolutionNode = FALSE
	EndGlobalSection
	GlobalSection(MonoDevelopProperties) = preSolution
		StartupItem = Assembly-CSharp.csproj
	EndGlobalSection
EndGlobal
